
Microsoft Visual Studio Solution File, Format Version 12.00
# Visual Studio Version 17
VisualStudioVersion = 17.8.34316.72
MinimumVisualStudioVersion = 10.0.40219.1
Project("{9A19103F-16F7-4668-BE54-9A1E7A4F7556}") = "SinavHazirlik", "SinavHazirlik.csproj", "{1A24E31D-AF95-430C-BC3E-0C9ADF132BCE}"
EndProject
Global
	GlobalSection(SolutionConfigurationPlatforms) = preSolution
		Debug|Any CPU = Debug|Any CPU
		Release|Any CPU = Release|Any CPU
	EndGlobalSection
	GlobalSection(ProjectConfigurationPlatforms) = postSolution
		{1A24E31D-AF95-430C-BC3E-0C9ADF132BCE}.Debug|Any CPU.ActiveCfg = Debug|Any CPU
		{1A24E31D-AF95-430C-BC3E-0C9ADF132BCE}.Debug|Any CPU.Build.0 = Debug|Any CPU
		{1A24E31D-AF95-430C-BC3E-0C9ADF132BCE}.Release|Any CPU.ActiveCfg = Release|Any CPU
		{1A24E31D-AF95-430C-BC3E-0C9ADF132BCE}.Release|Any CPU.Build.0 = Release|Any CPU
	EndGlobalSection
	GlobalSection(SolutionProperties) = preSolution
		HideSolutionNode = FALSE
	EndGlobalSection
	GlobalSection(ExtensibilityGlobals) = postSolution
		SolutionGuid = {27452B34-D093-4A2C-9612-97E050EBE2B9}
	EndGlobalSection
EndGlobal
